
Microsoft Visual Studio Solution File, Format Version 12.00
# Visual Studio 2013
VisualStudioVersion = 12.0.31101.0
MinimumVisualStudioVersion = 10.0.40219.1
Project("{FAE04EC0-301F-11D3-BF4B-00C04F79EFBC}") = "Goals.Web", "Goals.Web\Goals.Web.csproj", "{0EE5E56F-0DE3-4D3A-9A3C-7200DA128712}"
EndProject
Project("{FAE04EC0-301F-11D3-BF4B-00C04F79EFBC}") = "Goals.Data", "Goals.Data\Goals.Data.csproj", "{9619861A-5345-4C46-AFDD-B44B97CC48D3}"
EndProject
Project("{FAE04EC0-301F-11D3-BF4B-00C04F79EFBC}") = "Goals.Domain", "Goals.Domain\Goals.Domain.csproj", "{96A632F8-9D9F-4FD8-86BD-1FB23829747E}"
EndProject
Project("{FAE04EC0-301F-11D3-BF4B-00C04F79EFBC}") = "Goals.SharedKernel", "Goals.SharedKernel\Goals.SharedKernel.csproj", "{37BC4E85-9599-424F-863B-44F0BB270824}"
EndProject
Project("{2150E333-8FDC-42A3-9474-1A3956D46DE8}") = "Tests", "Tests", "{81C3A124-A774-46D7-B13D-1C4AD11710E5}"
EndProject
Project("{FAE04EC0-301F-11D3-BF4B-00C04F79EFBC}") = "Goals.Test", "Tests\Goals.Test\Goals.Test.csproj", "{96BDEF55-0571-4771-A2D5-70D5213BD33B}"
EndProject
Project("{FAE04EC0-301F-11D3-BF4B-00C04F79EFBC}") = "Goals.Authentication", "Goals.Authentication\Goals.Authentication.csproj", "{7D445C4C-8D4D-41B3-84CF-055D26047442}"
EndProject
Global
	GlobalSection(SolutionConfigurationPlatforms) = preSolution
		Debug|Any CPU = Debug|Any CPU
		Release|Any CPU = Release|Any CPU
	EndGlobalSection
	GlobalSection(ProjectConfigurationPlatforms) = postSolution
		{0EE5E56F-0DE3-4D3A-9A3C-7200DA128712}.Debug|Any CPU.ActiveCfg = Debug|Any CPU
		{0EE5E56F-0DE3-4D3A-9A3C-7200DA128712}.Debug|Any CPU.Build.0 = Debug|Any CPU
		{0EE5E56F-0DE3-4D3A-9A3C-7200DA128712}.Release|Any CPU.ActiveCfg = Release|Any CPU
		{0EE5E56F-0DE3-4D3A-9A3C-7200DA128712}.Release|Any CPU.Build.0 = Release|Any CPU
		{9619861A-5345-4C46-AFDD-B44B97CC48D3}.Debug|Any CPU.ActiveCfg = Debug|Any CPU
		{9619861A-5345-4C46-AFDD-B44B97CC48D3}.Debug|Any CPU.Build.0 = Debug|Any CPU
		{9619861A-5345-4C46-AFDD-B44B97CC48D3}.Release|Any CPU.ActiveCfg = Release|Any CPU
		{9619861A-5345-4C46-AFDD-B44B97CC48D3}.Release|Any CPU.Build.0 = Release|Any CPU
		{96A632F8-9D9F-4FD8-86BD-1FB23829747E}.Debug|Any CPU.ActiveCfg = Debug|Any CPU
		{96A632F8-9D9F-4FD8-86BD-1FB23829747E}.Debug|Any CPU.Build.0 = Debug|Any CPU
		{96A632F8-9D9F-4FD8-86BD-1FB23829747E}.Release|Any CPU.ActiveCfg = Release|Any CPU
		{96A632F8-9D9F-4FD8-86BD-1FB23829747E}.Release|Any CPU.Build.0 = Release|Any CPU
		{37BC4E85-9599-424F-863B-44F0BB270824}.Debug|Any CPU.ActiveCfg = Debug|Any CPU
		{37BC4E85-9599-424F-863B-44F0BB270824}.Debug|Any CPU.Build.0 = Debug|Any CPU
		{37BC4E85-9599-424F-863B-44F0BB270824}.Release|Any CPU.ActiveCfg = Release|Any CPU
		{37BC4E85-9599-424F-863B-44F0BB270824}.Release|Any CPU.Build.0 = Release|Any CPU
		{96BDEF55-0571-4771-A2D5-70D5213BD33B}.Debug|Any CPU.ActiveCfg = Debug|Any CPU
		{96BDEF55-0571-4771-A2D5-70D5213BD33B}.Debug|Any CPU.Build.0 = Debug|Any CPU
		{96BDEF55-0571-4771-A2D5-70D5213BD33B}.Release|Any CPU.ActiveCfg = Release|Any CPU
		{96BDEF55-0571-4771-A2D5-70D5213BD33B}.Release|Any CPU.Build.0 = Release|Any CPU
		{7D445C4C-8D4D-41B3-84CF-055D26047442}.Debug|Any CPU.ActiveCfg = Debug|Any CPU
		{7D445C4C-8D4D-41B3-84CF-055D26047442}.Debug|Any CPU.Build.0 = Debug|Any CPU
		{7D445C4C-8D4D-41B3-84CF-055D26047442}.Release|Any CPU.ActiveCfg = Release|Any CPU
		{7D445C4C-8D4D-41B3-84CF-055D26047442}.Release|Any CPU.Build.0 = Release|Any CPU
	EndGlobalSection
	GlobalSection(SolutionProperties) = preSolution
		HideSolutionNode = FALSE
	EndGlobalSection
	GlobalSection(NestedProjects) = preSolution
		{96BDEF55-0571-4771-A2D5-70D5213BD33B} = {81C3A124-A774-46D7-B13D-1C4AD11710E5}
	EndGlobalSection
EndGlobal
